
Microsoft Visual Studio Solution File, Format Version 12.00
# Visual Studio Version 16
VisualStudioVersion = 16.0.33328.57
MinimumVisualStudioVersion = 10.0.40219.1
Project("{FAE04EC0-301F-11D3-BF4B-00C04F79EFBC}") = "HelperProject", "HelperProject\HelperProject.csproj", "{68BA8BB4-7C02-4930-A13D-23D1E171FC4D}"
EndProject
Project("{FAE04EC0-301F-11D3-BF4B-00C04F79EFBC}") = "ClassLibrary1", "ClassLibrary1\ClassLibrary1.csproj", "{9E0B3307-553B-4ABD-99D4-5AF28F14183E}"
EndProject
Global
	GlobalSection(SolutionConfigurationPlatforms) = preSolution
		Debug|Any CPU = Debug|Any CPU
		Release|Any CPU = Release|Any CPU
	EndGlobalSection
	GlobalSection(ProjectConfigurationPlatforms) = postSolution
		{68BA8BB4-7C02-4930-A13D-23D1E171FC4D}.Debug|Any CPU.ActiveCfg = Debug|Any CPU
		{68BA8BB4-7C02-4930-A13D-23D1E171FC4D}.Debug|Any CPU.Build.0 = Debug|Any CPU
		{68BA8BB4-7C02-4930-A13D-23D1E171FC4D}.Release|Any CPU.ActiveCfg = Release|Any CPU
		{68BA8BB4-7C02-4930-A13D-23D1E171FC4D}.Release|Any CPU.Build.0 = Release|Any CPU
		{9E0B3307-553B-4ABD-99D4-5AF28F14183E}.Debug|Any CPU.ActiveCfg = Debug|Any CPU
		{9E0B3307-553B-4ABD-99D4-5AF28F14183E}.Debug|Any CPU.Build.0 = Debug|Any CPU
		{9E0B3307-553B-4ABD-99D4-5AF28F14183E}.Release|Any CPU.ActiveCfg = Release|Any CPU
		{9E0B3307-553B-4ABD-99D4-5AF28F14183E}.Release|Any CPU.Build.0 = Release|Any CPU
	EndGlobalSection
	GlobalSection(SolutionProperties) = preSolution
		HideSolutionNode = FALSE
	EndGlobalSection
	GlobalSection(ExtensibilityGlobals) = postSolution
		SolutionGuid = {2767BB30-308A-41BF-B2DD-B84230DF73BD}
	EndGlobalSection
EndGlobal
